
Microsoft Visual Studio Solution File, Format Version 12.00
# Visual Studio Version 16
VisualStudioVersion = 16.0.31729.503
MinimumVisualStudioVersion = 10.0.40219.1
Project("{FAE04EC0-301F-11D3-BF4B-00C04F79EFBC}") = "WebTraiCay", "WebTraiCay\WebTraiCay.csproj", "{767EAD24-7BA6-4F95-823E-1000A85D1E2D}"
EndProject
Global
	GlobalSection(SolutionConfigurationPlatforms) = preSolution
		Debug|Any CPU = Debug|Any CPU
		Release|Any CPU = Release|Any CPU
	EndGlobalSection
	GlobalSection(ProjectConfigurationPlatforms) = postSolution
		{767EAD24-7BA6-4F95-823E-1000A85D1E2D}.Debug|Any CPU.ActiveCfg = Debug|Any CPU
		{767EAD24-7BA6-4F95-823E-1000A85D1E2D}.Debug|Any CPU.Build.0 = Debug|Any CPU
		{767EAD24-7BA6-4F95-823E-1000A85D1E2D}.Release|Any CPU.ActiveCfg = Release|Any CPU
		{767EAD24-7BA6-4F95-823E-1000A85D1E2D}.Release|Any CPU.Build.0 = Release|Any CPU
	EndGlobalSection
	GlobalSection(SolutionProperties) = preSolution
		HideSolutionNode = FALSE
	EndGlobalSection
	GlobalSection(ExtensibilityGlobals) = postSolution
		SolutionGuid = {755C95F5-ABF8-45C2-8F90-7B6F39B6BB7E}
	EndGlobalSection
EndGlobal
